// !$*UTF8*$!
{
	archiveVersion = 1;
	classes = {
	};
	objectVersion = 48;
	objects = {

/* Begin PBXBuildFile section */
		04D315A7AC3E745463291E03 /* Pods_iOScodingchallenge.framework in Frameworks */ = {isa = PBXBuildFile; fileRef = BEB66945FCF19C308FF1F000 /* Pods_iOScodingchallenge.framework */; };
		AFECBC11205D39AB00E93FCC /* AppDelegate.swift in Sources */ = {isa = PBXBuildFile; fileRef = AFECBC10205D39AB00E93FCC /* AppDelegate.swift */; };
		AFECBC13205D39AB00E93FCC /* ViewController.swift in Sources */ = {isa = PBXBuildFile; fileRef = AFECBC12205D39AB00E93FCC /* ViewController.swift */; };
		AFECBC16205D39AB00E93FCC /* Main.storyboard in Resources */ = {isa = PBXBuildFile; fileRef = AFECBC14205D39AB00E93FCC /* Main.storyboard */; };
		AFECBC18205D39AB00E93FCC /* Assets.xcassets in Resources */ = {isa = PBXBuildFile; fileRef = AFECBC17205D39AB00E93FCC /* Assets.xcassets */; };
		AFECBC1B205D39AB00E93FCC /* LaunchScreen.storyboard in Resources */ = {isa = PBXBuildFile; fileRef = AFECBC19205D39AB00E93FCC /* LaunchScreen.storyboard */; };
/* End PBXBuildFile section */

/* Begin PBXFileReference section */
		6B5CC6AFF512BEE5FB98B3DF /* Pods-iOScodingchallenge.release.xcconfig */ = {isa = PBXFileReference; includeInIndex = 1; lastKnownFileType = text.xcconfig; name = "Pods-iOScodingchallenge.release.xcconfig"; path = "Pods/Target Support Files/Pods-iOScodingchallenge/Pods-iOScodingchallenge.release.xcconfig"; sourceTree = "<group>"; };
		AFECBC0D205D39AB00E93FCC /* iOScodingchallenge.app */ = {isa = PBXFileReference; explicitFileType = wrapper.application; includeInIndex = 0; path = iOScodingchallenge.app; sourceTree = BUILT_PRODUCTS_DIR; };
		AFECBC10205D39AB00E93FCC /* AppDelegate.swift */ = {isa = PBXFileReference; lastKnownFileType = sourcecode.swift; path = AppDelegate.swift; sourceTree = "<group>"; };
		AFECBC12205D39AB00E93FCC /* ViewController.swift */ = {isa = PBXFileReference; lastKnownFileType = sourcecode.swift; path = ViewController.swift; sourceTree = "<group>"; };
		AFECBC15205D39AB00E93FCC /* Base */ = {isa = PBXFileReference; lastKnownFileType = file.storyboard; name = Base; path = Base.lproj/Main.storyboard; sourceTree = "<group>"; };
		AFECBC17205D39AB00E93FCC /* Assets.xcassets */ = {isa = PBXFileReference; lastKnownFileType = folder.assetcatalog; path = Assets.xcassets; sourceTree = "<group>"; };
		AFECBC1A205D39AB00E93FCC /* Base */ = {isa = PBXFileReference; lastKnownFileType = file.storyboard; name = Base; path = Base.lproj/LaunchScreen.storyboard; sourceTree = "<group>"; };
		AFECBC1C205D39AB00E93FCC /* Info.plist */ = {isa = PBXFileReference; lastKnownFileType = text.plist.xml; path = Info.plist; sourceTree = "<group>"; };
		BEB66945FCF19C308FF1F000 /* Pods_iOScodingchallenge.framework */ = {isa = PBXFileReference; explicitFileType = wrapper.framework; includeInIndex = 0; path = Pods_iOScodingchallenge.framework; sourceTree = BUILT_PRODUCTS_DIR; };
		CE1E35A5A9CFBDF9E39433CB /* Pods-iOScodingchallenge.debug.xcconfig */ = {isa = PBXFileReference; includeInIndex = 1; lastKnownFileType = text.xcconfig; name = "Pods-iOScodingchallenge.debug.xcconfig"; path = "Pods/Target Support Files/Pods-iOScodingchallenge/Pods-iOScodingchallenge.debug.xcconfig"; sourceTree = "<group>"; };
/* End PBXFileReference section */

/* Begin PBXFrameworksBuildPhase section */
		AFECBC0A205D39AB00E93FCC /* Frameworks */ = {
			isa = PBXFrameworksBuildPhase;
			buildActionMask = 2147483647;
			files = (
				04D315A7AC3E745463291E03 /* Pods_iOScodingchallenge.framework in Frameworks */,
			);
			runOnlyForDeploymentPostprocessing = 0;
		};
/* End PBXFrameworksBuildPhase section */

/* Begin PBXGroup section */
		5827E504FD7F71BB61548BDD /* Pods */ = {
			isa = PBXGroup;
			children = (
				CE1E35A5A9CFBDF9E39433CB /* Pods-iOScodingchallenge.debug.xcconfig */,
				6B5CC6AFF512BEE5FB98B3DF /* Pods-iOScodingchallenge.release.xcconfig */,
			);
			name = Pods;
			sourceTree = "<group>";
		};
		86A8C863D224A35FB199C70C /* Frameworks */ = {
			isa = PBXGroup;
			children = (
				BEB66945FCF19C308FF1F000 /* Pods_iOScodingchallenge.framework */,
			);
			name = Frameworks;
			sourceTree = "<group>";
		};
		AFB6C210206796AC00BC428D /* View */ = {
			isa = PBXGroup;
			children = (
				AFECBC14205D39AB00E93FCC /* Main.storyboard */,
			);
			path = View;
			sourceTree = "<group>";
		};
		AFB6C211206796C900BC428D /* Model */ = {
			isa = PBXGroup;
			children = (
			);
			path = Model;
			sourceTree = "<group>";
		};
		AFB6C212206796D100BC428D /* Controller */ = {
			isa = PBXGroup;
			children = (
				AFECBC10205D39AB00E93FCC /* AppDelegate.swift */,
				AFECBC12205D39AB00E93FCC /* ViewController.swift */,
			);
			path = Controller;
			sourceTree = "<group>";
		};
		AFECBC04205D39AB00E93FCC = {
			isa = PBXGroup;
			children = (
				AFECBC0F205D39AB00E93FCC /* iOScodingchallenge */,
				AFECBC0E205D39AB00E93FCC /* Products */,
				5827E504FD7F71BB61548BDD /* Pods */,
				86A8C863D224A35FB199C70C /* Frameworks */,
			);
			sourceTree = "<group>";
		};
		AFECBC0E205D39AB00E93FCC /* Products */ = {
			isa = PBXGroup;
			children = (
				AFECBC0D205D39AB00E93FCC /* iOScodingchallenge.app */,
			);
			name = Products;
			sourceTree = "<group>";
		};
		AFECBC0F205D39AB00E93FCC /* iOScodingchallenge */ = {
			isa = PBXGroup;
			children = (
				AFB6C210206796AC00BC428D /* View */,
				AFB6C212206796D100BC428D /* Controller */,
				AFB6C211206796C900BC428D /* Model */,
				AFECBC17205D39AB00E93FCC /* Assets.xcassets */,
				AFECBC19205D39AB00E93FCC /* LaunchScreen.storyboard */,
				AFECBC1C205D39AB00E93FCC /* Info.plist */,
			);
			path = iOScodingchallenge;
			sourceTree = "<group>";
		};
/* End PBXGroup section */

/* Begin PBXNativeTarget section */
		AFECBC0C205D39AB00E93FCC /* iOScodingchallenge */ = {
			isa = PBXNativeTarget;
			buildConfigurationList = AFECBC1F205D39AB00E93FCC /* Build configuration list for PBXNativeTarget "iOScodingchallenge" */;
			buildPhases = (
				4A1A6761DEC93AB80138706F /* [CP] Check Pods Manifest.lock */,
				AFECBC09205D39AB00E93FCC /* Sources */,
				AFECBC0A205D39AB00E93FCC /* Frameworks */,
				AFECBC0B205D39AB00E93FCC /* Resources */,
				0EAA49C92EC887F3CAB82BCB /* [CP] Embed Pods Frameworks */,
				1C04169E9CB1D603F8C28361 /* [CP] Copy Pods Resources */,
			);
			buildRules = (
			);
			dependencies = (
			);
			name = iOScodingchallenge;
			productName = iOScodingchallenge;
			productReference = AFECBC0D205D39AB00E93FCC /* iOScodingchallenge.app */;
			productType = "com.apple.product-type.application";
		};
/* End PBXNativeTarget section */

/* Begin PBXProject section */
		AFECBC05205D39AB00E93FCC /* Project object */ = {
			isa = PBXProject;
			attributes = {
				LastSwiftUpdateCheck = 0920;
				LastUpgradeCheck = 0920;
				ORGANIZATIONNAME = sb;
				TargetAttributes = {
					AFECBC0C205D39AB00E93FCC = {
						CreatedOnToolsVersion = 9.2;
						ProvisioningStyle = Automatic;
					};
				};
			};
			buildConfigurationList = AFECBC08205D39AB00E93FCC /* Build configuration list for PBXProject "iOScodingchallenge" */;
			compatibilityVersion = "Xcode 8.0";
			developmentRegion = en;
			hasScannedForEncodings = 0;
			knownRegions = (
				en,
				Base,
			);
			mainGroup = AFECBC04205D39AB00E93FCC;
			productRefGroup = AFECBC0E205D39AB00E93FCC /* Products */;
			projectDirPath = "";
			projectRoot = "";
			targets = (
				AFECBC0C205D39AB00E93FCC /* iOScodingchallenge */,
			);
		};
/* End PBXProject section */

/* Begin PBXResourcesBuildPhase section */
		AFECBC0B205D39AB00E93FCC /* Resources */ = {
			isa = PBXResourcesBuildPhase;
			buildActionMask = 2147483647;
			files = (
				AFECBC1B205D39AB00E93FCC /* LaunchScreen.storyboard in Resources */,
				AFECBC18205D39AB00E93FCC /* Assets.xcassets in Resources */,
				AFECBC16205D39AB00E93FCC /* Main.storyboard in Resources */,
			);
			runOnlyForDeploymentPostprocessing = 0;
		};
/* End PBXResourcesBuildPhase section */

/* Begin PBXShellScriptBuildPhase section */
		0EAA49C92EC887F3CAB82BCB /* [CP] Embed Pods Frameworks */ = {
			isa = PBXShellScriptBuildPhase;
			buildActionMask = 2147483647;
			files = (
			);
			inputPaths = (
				"${SRCROOT}/Pods/Target Support Files/Pods-iOScodingchallenge/Pods-iOScodingchallenge-frameworks.sh",
				"${BUILT_PRODUCTS_DIR}/Alamofire/Alamofire.framework",
				"${BUILT_PRODUCTS_DIR}/SVProgressHUD/SVProgressHUD.framework",
				"${BUILT_PRODUCTS_DIR}/SwiftyJSON/SwiftyJSON.framework",
			);
			name = "[CP] Embed Pods Frameworks";
			outputPaths = (
				"${TARGET_BUILD_DIR}/${FRAMEWORKS_FOLDER_PATH}/Alamofire.framework",
				"${TARGET_BUILD_DIR}/${FRAMEWORKS_FOLDER_PATH}/SVProgressHUD.framework",
				"${TARGET_BUILD_DIR}/${FRAMEWORKS_FOLDER_PATH}/SwiftyJSON.framework",
			);
			runOnlyForDeploymentPostprocessing = 0;
			shellPath = /bin/sh;
			shellScript = "\"${SRCROOT}/Pods/Target Support Files/Pods-iOScodingchallenge/Pods-iOScodingchallenge-frameworks.sh\"\n";
			showEnvVarsInLog = 0;
		};
		1C04169E9CB1D603F8C28361 /* [CP] Copy Pods Resources */ = {
			isa = PBXShellScriptBuildPhase;
			buildActionMask = 2147483647;
			files = (
			);
			inputPaths = (
				"${SRCROOT}/Pods/Target Support Files/Pods-iOScodingchallenge/Pods-iOScodingchallenge-resources.sh",
				"${PODS_ROOT}/GoogleMaps/Maps/Frameworks/GoogleMaps.framework/Resources/GoogleMaps.bundle",
				"${PODS_ROOT}/GooglePlacePicker/Frameworks/GooglePlacePicker.framework/Resources/GooglePlacePicker.bundle",
				"${PODS_ROOT}/GooglePlaces/Frameworks/GooglePlaces.framework/Resources/GooglePlaces.bundle",
			);
			name = "[CP] Copy Pods Resources";
			outputPaths = (
				"${TARGET_BUILD_DIR}/${UNLOCALIZED_RESOURCES_FOLDER_PATH}",
			);
			runOnlyForDeploymentPostprocessing = 0;
			shellPath = /bin/sh;
			shellScript = "\"${SRCROOT}/Pods/Target Support Files/Pods-iOScodingchallenge/Pods-iOScodingchallenge-resources.sh\"\n";
			showEnvVarsInLog = 0;
		};
		4A1A6761DEC93AB80138706F /* [CP] Check Pods Manifest.lock */ = {
			isa = PBXShellScriptBuildPhase;
			buildActionMask = 2147483647;
			files = (
			);
			inputPaths = (
				"${PODS_PODFILE_DIR_PATH}/Podfile.lock",
				"${PODS_ROOT}/Manifest.lock",
			);
			name = "[CP] Check Pods Manifest.lock";
			outputPaths = (
				"$(DERIVED_FILE_DIR)/Pods-iOScodingchallenge-checkManifestLockResult.txt",
			);
			runOnlyForDeploymentPostprocessing = 0;
			shellPath = /bin/sh;
			shellScript = "diff \"${PODS_PODFILE_DIR_PATH}/Podfile.lock\" \"${PODS_ROOT}/Manifest.lock\" > /dev/null\nif [ $? != 0 ] ; then\n    # print error to STDERR\n    echo \"error: The sandbox is not in sync with the Podfile.lock. Run 'pod install' or update your CocoaPods installation.\" >&2\n    exit 1\nfi\n# This output is used by Xcode 'outputs' to avoid re-running this script phase.\necho \"SUCCESS\" > \"${SCRIPT_OUTPUT_FILE_0}\"\n";
			showEnvVarsInLog = 0;
		};
/* End PBXShellScriptBuildPhase section */

/* Begin PBXSourcesBuildPhase section */
		AFECBC09205D39AB00E93FCC /* Sources */ = {
			isa = PBXSourcesBuildPhase;
			buildActionMask = 2147483647;
			files = (
				AFECBC13205D39AB00E93FCC /* ViewController.swift in Sources */,
				AFECBC11205D39AB00E93FCC /* AppDelegate.swift in Sources */,
			);
			runOnlyForDeploymentPostprocessing = 0;
		};
/* End PBXSourcesBuildPhase section */

/* Begin PBXVariantGroup section */
		AFECBC14205D39AB00E93FCC /* Main.storyboard */ = {
			isa = PBXVariantGroup;
			children = (
				AFECBC15205D39AB00E93FCC /* Base */,
			);
			name = Main.storyboard;
			sourceTree = "<group>";
		};
		AFECBC19205D39AB00E93FCC /* LaunchScreen.storyboard */ = {
			isa = PBXVariantGroup;
			children = (
				AFECBC1A205D39AB00E93FCC /* Base */,
			);
			name = LaunchScreen.storyboard;
			sourceTree = "<group>";
		};
/* End PBXVariantGroup section */

/* Begin XCBuildConfiguration section */
		AFECBC1D205D39AB00E93FCC /* Debug */ = {
			isa = XCBuildConfiguration;
			buildSettings = {
				ALWAYS_SEARCH_USER_PATHS = NO;
				CLANG_ANALYZER_NONNULL = YES;
				CLANG_ANALYZER_NUMBER_OBJECT_CONVERSION = YES_AGGRESSIVE;
				CLANG_CXX_LANGUAGE_STANDARD = "gnu++14";
				CLANG_CXX_LIBRARY = "libc++";
				CLANG_ENABLE_MODULES = YES;
				CLANG_ENABLE_OBJC_ARC = YES;
				CLANG_WARN_BLOCK_CAPTURE_AUTORELEASING = YES;
				CLANG_WARN_BOOL_CONVERSION = YES;
				CLANG_WARN_COMMA = YES;
				CLANG_WARN_CONSTANT_CONVERSION = YES;
				CLANG_WARN_DIRECT_OBJC_ISA_USAGE = YES_ERROR;
				CLANG_WARN_DOCUMENTATION_COMMENTS = YES;
				CLANG_WARN_EMPTY_BODY = YES;
				CLANG_WARN_ENUM_CONVERSION = YES;
				CLANG_WARN_INFINITE_RECURSION = YES;
				CLANG_WARN_INT_CONVERSION = YES;
				CLANG_WARN_NON_LITERAL_NULL_CONVERSION = YES;
				CLANG_WARN_OBJC_LITERAL_CONVERSION = YES;
				CLANG_WARN_OBJC_ROOT_CLASS = YES_ERROR;
				CLANG_WARN_RANGE_LOOP_ANALYSIS = YES;
				CLANG_WARN_STRICT_PROTOTYPES = YES;
				CLANG_WARN_SUSPICIOUS_MOVE = YES;
				CLANG_WARN_UNGUARDED_AVAILABILITY = YES_AGGRESSIVE;
				CLANG_WARN_UNREACHABLE_CODE = YES;
				CLANG_WARN__DUPLICATE_METHOD_MATCH = YES;
				CODE_SIGN_IDENTITY = "iPhone Developer";
				COPY_PHASE_STRIP = NO;
				DEBUG_INFORMATION_FORMAT = dwarf;
				ENABLE_STRICT_OBJC_MSGSEND = YES;
				ENABLE_TESTABILITY = YES;
				GCC_C_LANGUAGE_STANDARD = gnu11;
				GCC_DYNAMIC_NO_PIC = NO;
				GCC_NO_COMMON_BLOCKS = YES;
				GCC_OPTIMIZATION_LEVEL = 0;
				GCC_PREPROCESSOR_DEFINITIONS = (
					"DEBUG=1",
					"$(inherited)",
				);
				GCC_WARN_64_TO_32_BIT_CONVERSION = YES;
				GCC_WARN_ABOUT_RETURN_TYPE = YES_ERROR;
				GCC_WARN_UNDECLARED_SELECTOR = YES;
				GCC_WARN_UNINITIALIZED_AUTOS = YES_AGGRESSIVE;
				GCC_WARN_UNUSED_FUNCTION = YES;
				GCC_WARN_UNUSED_VARIABLE = YES;
				IPHONEOS_DEPLOYMENT_TARGET = 11.2;
				MTL_ENABLE_DEBUG_INFO = YES;
				ONLY_ACTIVE_ARCH = YES;
				SDKROOT = iphoneos;
				SWIFT_ACTIVE_COMPILATION_CONDITIONS = DEBUG;
				SWIFT_OPTIMIZATION_LEVEL = "-Onone";
			};
			name = Debug;
		};
		AFECBC1E205D39AB00E93FCC /* Release */ = {
			isa = XCBuildConfiguration;
			buildSettings = {
				ALWAYS_SEARCH_USER_PATHS = NO;
				CLANG_ANALYZER_NONNULL = YES;
				CLANG_ANALYZER_NUMBER_OBJECT_CONVERSION = YES_AGGRESSIVE;
				CLANG_CXX_LANGUAGE_STANDARD = "gnu++14";
				CLANG_CXX_LIBRARY = "libc++";
				CLANG_ENABLE_MODULES = YES;
				CLANG_ENABLE_OBJC_ARC = YES;
				CLANG_WARN_BLOCK_CAPTURE_AUTORELEASING = YES;
				CLANG_WARN_BOOL_CONVERSION = YES;
				CLANG_WARN_COMMA = YES;
				CLANG_WARN_CONSTANT_CONVERSION = YES;
				CLANG_WARN_DIRECT_OBJC_ISA_USAGE = YES_ERROR;
				CLANG_WARN_DOCUMENTATION_COMMENTS = YES;
				CLANG_WARN_EMPTY_BODY = YES;
				CLANG_WARN_ENUM_CONVERSION = YES;
				CLANG_WARN_INFINITE_RECURSION = YES;
				CLANG_WARN_INT_CONVERSION = YES;
				CLANG_WARN_NON_LITERAL_NULL_CONVERSION = YES;
				CLANG_WARN_OBJC_LITERAL_CONVERSION = YES;
				CLANG_WARN_OBJC_ROOT_CLASS = YES_ERROR;
				CLANG_WARN_RANGE_LOOP_ANALYSIS = YES;
				CLANG_WARN_STRICT_PROTOTYPES = YES;
				CLANG_WARN_SUSPICIOUS_MOVE = YES;
				CLANG_WARN_UNGUARDED_AVAILABILITY = YES_AGGRESSIVE;
				CLANG_WARN_UNREACHABLE_CODE = YES;
				CLANG_WARN__DUPLICATE_METHOD_MATCH = YES;
				CODE_SIGN_IDENTITY = "iPhone Developer";
				COPY_PHASE_STRIP = NO;
				DEBUG_INFORMATION_FORMAT = "dwarf-with-dsym";
				ENABLE_NS_ASSERTIONS = NO;
				ENABLE_STRICT_OBJC_MSGSEND = YES;
				GCC_C_LANGUAGE_STANDARD = gnu11;
				GCC_NO_COMMON_BLOCKS = YES;
				GCC_WARN_64_TO_32_BIT_CONVERSION = YES;
				GCC_WARN_ABOUT_RETURN_TYPE = YES_ERROR;
				GCC_WARN_UNDECLARED_SELECTOR = YES;
				GCC_WARN_UNINITIALIZED_AUTOS = YES_AGGRESSIVE;
				GCC_WARN_UNUSED_FUNCTION = YES;
				GCC_WARN_UNUSED_VARIABLE = YES;
				IPHONEOS_DEPLOYMENT_TARGET = 11.2;
				MTL_ENABLE_DEBUG_INFO = NO;
				SDKROOT = iphoneos;
				SWIFT_OPTIMIZATION_LEVEL = "-Owholemodule";
				VALIDATE_PRODUCT = YES;
			};
			name = Release;
		};
		AFECBC20205D39AB00E93FCC /* Debug */ = {
			isa = XCBuildConfiguration;
			baseConfigurationReference = CE1E35A5A9CFBDF9E39433CB /* Pods-iOScodingchallenge.debug.xcconfig */;
			buildSettings = {
				ASSETCATALOG_COMPILER_APPICON_NAME = AppIcon;
				CODE_SIGN_STYLE = Automatic;
				DEVELOPMENT_TEAM = BRJTF7RS9Y;
				INFOPLIST_FILE = iOScodingchallenge/Info.plist;
				LD_RUNPATH_SEARCH_PATHS = "$(inherited) @executable_path/Frameworks";
				PRODUCT_BUNDLE_IDENTIFIER = com.sb.iOScodingchallenge;
				PRODUCT_NAME = "$(TARGET_NAME)";
				SWIFT_VERSION = 4.0;
				TARGETED_DEVICE_FAMILY = "1,2";
			};
			name = Debug;
		};
		AFECBC21205D39AB00E93FCC /* Release */ = {
			isa = XCBuildConfiguration;
			baseConfigurationReference = 6B5CC6AFF512BEE5FB98B3DF /* Pods-iOScodingchallenge.release.xcconfig */;
			buildSettings = {
				ASSETCATALOG_COMPILER_APPICON_NAME = AppIcon;
				CODE_SIGN_STYLE = Automatic;
				DEVELOPMENT_TEAM = BRJTF7RS9Y;
				INFOPLIST_FILE = iOScodingchallenge/Info.plist;
				LD_RUNPATH_SEARCH_PATHS = "$(inherited) @executable_path/Frameworks";
				PRODUCT_BUNDLE_IDENTIFIER = com.sb.iOScodingchallenge;
				PRODUCT_NAME = "$(TARGET_NAME)";
				SWIFT_VERSION = 4.0;
				TARGETED_DEVICE_FAMILY = "1,2";
			};
			name = Release;
		};
/* End XCBuildConfiguration section */

/* Begin XCConfigurationList section */
		AFECBC08205D39AB00E93FCC /* Build configuration list for PBXProject "iOScodingchallenge" */ = {
			isa = XCConfigurationList;
			buildConfigurations = (
				AFECBC1D205D39AB00E93FCC /* Debug */,
				AFECBC1E205D39AB00E93FCC /* Release */,
			);
			defaultConfigurationIsVisible = 0;
			defaultConfigurationName = Release;
		};
		AFECBC1F205D39AB00E93FCC /* Build configuration list for PBXNativeTarget "iOScodingchallenge" */ = {
			isa = XCConfigurationList;
			buildConfigurations = (
				AFECBC20205D39AB00E93FCC /* Debug */,
				AFECBC21205D39AB00E93FCC /* Release */,
			);
			defaultConfigurationIsVisible = 0;
			defaultConfigurationName = Release;
		};
/* End XCConfigurationList section */
	};
	rootObject = AFECBC05205D39AB00E93FCC /* Project object */;
}
